
Microsoft Visual Studio Solution File, Format Version 12.00
# Visual Studio Version 17
VisualStudioVersion = 17.9.34902.65
MinimumVisualStudioVersion = 10.0.40219.1
Project("{FAE04EC0-301F-11D3-BF4B-00C04F79EFBC}") = "StrawberryShakeRepro", "StrawberryShakeRepro\StrawberryShakeRepro.csproj", "{4B6AE9A3-3C9F-445D-A9B3-9402FD770FCA}"
EndProject
Project("{FAE04EC0-301F-11D3-BF4B-00C04F79EFBC}") = "Benchmarks", "Benchmarks\Benchmarks.csproj", "{AA278B85-3D8A-4441-86FE-5C773886F6A0}"
EndProject
Global
	GlobalSection(SolutionConfigurationPlatforms) = preSolution
		Debug|Any CPU = Debug|Any CPU
		Release|Any CPU = Release|Any CPU
	EndGlobalSection
	GlobalSection(ProjectConfigurationPlatforms) = postSolution
		{4B6AE9A3-3C9F-445D-A9B3-9402FD770FCA}.Debug|Any CPU.ActiveCfg = Debug|Any CPU
		{4B6AE9A3-3C9F-445D-A9B3-9402FD770FCA}.Debug|Any CPU.Build.0 = Debug|Any CPU
		{4B6AE9A3-3C9F-445D-A9B3-9402FD770FCA}.Release|Any CPU.ActiveCfg = Release|Any CPU
		{4B6AE9A3-3C9F-445D-A9B3-9402FD770FCA}.Release|Any CPU.Build.0 = Release|Any CPU
		{AA278B85-3D8A-4441-86FE-5C773886F6A0}.Debug|Any CPU.ActiveCfg = Debug|Any CPU
		{AA278B85-3D8A-4441-86FE-5C773886F6A0}.Debug|Any CPU.Build.0 = Debug|Any CPU
		{AA278B85-3D8A-4441-86FE-5C773886F6A0}.Release|Any CPU.ActiveCfg = Release|Any CPU
		{AA278B85-3D8A-4441-86FE-5C773886F6A0}.Release|Any CPU.Build.0 = Release|Any CPU
	EndGlobalSection
	GlobalSection(SolutionProperties) = preSolution
		HideSolutionNode = FALSE
	EndGlobalSection
	GlobalSection(ExtensibilityGlobals) = postSolution
		SolutionGuid = {ABE0F8CA-E9F1-48B6-A8FB-1A89BD1580B1}
	EndGlobalSection
EndGlobal
